
Microsoft Visual Studio Solution File, Format Version 12.00
# Visual Studio Version 17
VisualStudioVersion = 17.11.35208.52
MinimumVisualStudioVersion = 10.0.40219.1
Project("{FAE04EC0-301F-11D3-BF4B-00C04F79EFBC}") = "Dailycourier", "Dailycourier\Dailycourier.csproj", "{68A9550B-9B9C-4528-AA3F-F53B0659312E}"
EndProject
Global
	GlobalSection(SolutionConfigurationPlatforms) = preSolution
		Debug|Any CPU = Debug|Any CPU
		Release|Any CPU = Release|Any CPU
	EndGlobalSection
	GlobalSection(ProjectConfigurationPlatforms) = postSolution
		{68A9550B-9B9C-4528-AA3F-F53B0659312E}.Debug|Any CPU.ActiveCfg = Debug|Any CPU
		{68A9550B-9B9C-4528-AA3F-F53B0659312E}.Debug|Any CPU.Build.0 = Debug|Any CPU
		{68A9550B-9B9C-4528-AA3F-F53B0659312E}.Release|Any CPU.ActiveCfg = Release|Any CPU
		{68A9550B-9B9C-4528-AA3F-F53B0659312E}.Release|Any CPU.Build.0 = Release|Any CPU
	EndGlobalSection
	GlobalSection(SolutionProperties) = preSolution
		HideSolutionNode = FALSE
	EndGlobalSection
	GlobalSection(ExtensibilityGlobals) = postSolution
		SolutionGuid = {680B2A6C-8B2D-40E0-B8A8-DF084359D51F}
	EndGlobalSection
EndGlobal
